
Microsoft Visual Studio Solution File, Format Version 12.00
# Visual Studio 15
VisualStudioVersion = 15.0.28307.1082
MinimumVisualStudioVersion = 10.0.40219.1
Project("{FAE04EC0-301F-11D3-BF4B-00C04F79EFBC}") = "MackTechGroupProject", "MackTechGroupProject\MackTechGroupProject.csproj", "{68BB2547-5AC6-47D1-9037-103D8041AE7B}"
EndProject
Global
	GlobalSection(SolutionConfigurationPlatforms) = preSolution
		Debug|Any CPU = Debug|Any CPU
		Release|Any CPU = Release|Any CPU
	EndGlobalSection
	GlobalSection(ProjectConfigurationPlatforms) = postSolution
		{68BB2547-5AC6-47D1-9037-103D8041AE7B}.Debug|Any CPU.ActiveCfg = Debug|Any CPU
		{68BB2547-5AC6-47D1-9037-103D8041AE7B}.Debug|Any CPU.Build.0 = Debug|Any CPU
		{68BB2547-5AC6-47D1-9037-103D8041AE7B}.Release|Any CPU.ActiveCfg = Release|Any CPU
		{68BB2547-5AC6-47D1-9037-103D8041AE7B}.Release|Any CPU.Build.0 = Release|Any CPU
	EndGlobalSection
	GlobalSection(SolutionProperties) = preSolution
		HideSolutionNode = FALSE
	EndGlobalSection
	GlobalSection(ExtensibilityGlobals) = postSolution
		SolutionGuid = {2DC7CFE4-1214-441A-9BC8-3608A6672816}
	EndGlobalSection
EndGlobal
